Microsoft Visual Studio Solution File, Format Version 12.00
# Visual Studio Version 17
VisualStudioVersion = 17.13.35919.96
MinimumVisualStudioVersion = 10.0.40219.1
Project("{FAE04EC0-301F-11D3-BF4B-00C04F79EFBC}") = "WhatIsTheFPS", "WhatIsTheFPS.csproj", "{05E5BC48-A721-90D8-F1A6-460574C9B555}"
EndProject
Global
	GlobalSection(SolutionConfigurationPlatforms) = preSolution
		Debug|Any CPU = Debug|Any CPU
		Release|Any CPU = Release|Any CPU
	EndGlobalSection
	GlobalSection(ProjectConfigurationPlatforms) = postSolution
		{05E5BC48-A721-90D8-F1A6-460574C9B555}.Debug|Any CPU.ActiveCfg = Debug|Any CPU
		{05E5BC48-A721-90D8-F1A6-460574C9B555}.Debug|Any CPU.Build.0 = Debug|Any CPU
		{05E5BC48-A721-90D8-F1A6-460574C9B555}.Release|Any CPU.ActiveCfg = Release|Any CPU
		{05E5BC48-A721-90D8-F1A6-460574C9B555}.Release|Any CPU.Build.0 = Release|Any CPU
	EndGlobalSection
	GlobalSection(SolutionProperties) = preSolution
		HideSolutionNode = FALSE
	EndGlobalSection
	GlobalSection(ExtensibilityGlobals) = postSolution
		SolutionGuid = {58FA02E2-DACD-4518-97DB-C3AB391458A0}
	EndGlobalSection
EndGlobal
